
Microsoft Visual Studio Solution File, Format Version 12.00
# Visual Studio Version 17
VisualStudioVersion = 17.2.32602.215
MinimumVisualStudioVersion = 10.0.40219.1
Project("{FAE04EC0-301F-11D3-BF4B-00C04F79EFBC}") = "PhoneBookConsole", "PhoneBookConsole\PhoneBookConsole.csproj", "{F082B474-C5E2-4B8A-8530-01EB0769896A}"
EndProject
Global
	GlobalSection(SolutionConfigurationPlatforms) = preSolution
		Debug|Any CPU = Debug|Any CPU
		Release|Any CPU = Release|Any CPU
	EndGlobalSection
	GlobalSection(ProjectConfigurationPlatforms) = postSolution
		{F082B474-C5E2-4B8A-8530-01EB0769896A}.Debug|Any CPU.ActiveCfg = Debug|Any CPU
		{F082B474-C5E2-4B8A-8530-01EB0769896A}.Debug|Any CPU.Build.0 = Debug|Any CPU
		{F082B474-C5E2-4B8A-8530-01EB0769896A}.Release|Any CPU.ActiveCfg = Release|Any CPU
		{F082B474-C5E2-4B8A-8530-01EB0769896A}.Release|Any CPU.Build.0 = Release|Any CPU
	EndGlobalSection
	GlobalSection(SolutionProperties) = preSolution
		HideSolutionNode = FALSE
	EndGlobalSection
	GlobalSection(ExtensibilityGlobals) = postSolution
		SolutionGuid = {918360A5-0877-4A7B-BE82-4D1B9EAC7723}
	EndGlobalSection
EndGlobal
